<?xml version="1.0" encoding="utf-8"?>
<Project ToolsVersion="4.0" xmlns="http://schemas.microsoft.com/developer/msbuild/2003">
  <ItemGroup>
    <Filter Include="WorkerSDK">
      <UniqueIdentifier>{01E15C41-6D4B-11B8-B689-C25D2233EF0C}</UniqueIdentifier>
    </Filter>
    <Filter Include="WorkerSDK\improbable">
      <UniqueIdentifier>{CD9885B1-B927-0F7B-6246-23764EB41F21}</UniqueIdentifier>
    </Filter>
    <Filter Include="dependencies">
      <UniqueIdentifier>{8CAD9F58-7810-2FFD-2196-67B30DD8FA7F}</UniqueIdentifier>
    </Filter>
    <Filter Include="dependencies\automaton">
      <UniqueIdentifier>{F38EF847-DF88-219A-C8F5-B7AAB48E8706}</UniqueIdentifier>
    </Filter>
    <Filter Include="dependencies\automaton\core">
      <UniqueIdentifier>{4B8FE179-B79C-0F60-4083-0B4BAC8FDB16}</UniqueIdentifier>
    </Filter>
    <Filter Include="dependencies\automaton\core\data">
      <UniqueIdentifier>{B4D7B012-A028-9C54-C98C-8A16B53C2FBE}</UniqueIdentifier>
    </Filter>
    <Filter Include="dependencies\automaton\core\data\protobuf">
      <UniqueIdentifier>{74F873E2-E012-D783-2935-E717958EFE8A}</UniqueIdentifier>
    </Filter>
    <Filter Include="dependencies\automaton\core\io">
      <UniqueIdentifier>{5225D588-3E4B-9FEF-2791-24BB1356C4BB}</UniqueIdentifier>
    </Filter>
  </ItemGroup>
  <ItemGroup>
    <ClInclude Include="..\dependencies\automaton\core\data\data_exception.h">
      <Filter>dependencies\automaton\core\data</Filter>
    </ClInclude>
    <ClInclude Include="..\dependencies\automaton\core\data\factory.h">
      <Filter>dependencies\automaton\core\data</Filter>
    </ClInclude>
    <ClInclude Include="..\dependencies\automaton\core\data\msg.h">
      <Filter>dependencies\automaton\core\data</Filter>
    </ClInclude>
    <ClInclude Include="..\dependencies\automaton\core\data\protobuf\protobuf_factory.h">
      <Filter>dependencies\automaton\core\data\protobuf</Filter>
    </ClInclude>
    <ClInclude Include="..\dependencies\automaton\core\data\protobuf\protobuf_msg.h">
      <Filter>dependencies\automaton\core\data\protobuf</Filter>
    </ClInclude>
    <ClInclude Include="..\dependencies\automaton\core\data\protobuf\protobuf_schema.h">
      <Filter>dependencies\automaton\core\data\protobuf</Filter>
    </ClInclude>
    <ClInclude Include="..\dependencies\automaton\core\data\schema.h">
      <Filter>dependencies\automaton\core\data</Filter>
    </ClInclude>
    <ClInclude Include="..\dependencies\automaton\core\io\blob.h">
      <Filter>dependencies\automaton\core\io</Filter>
    </ClInclude>
    <ClInclude Include="..\dependencies\automaton\core\io\io.h">
      <Filter>dependencies\automaton\core\io</Filter>
    </ClInclude>
    <ClInclude Include="WorkerSDK\improbable\c_io.h">
      <Filter>WorkerSDK\improbable</Filter>
    </ClInclude>
    <ClInclude Include="WorkerSDK\improbable\c_schema.h">
      <Filter>WorkerSDK\improbable</Filter>
    </ClInclude>
    <ClInclude Include="WorkerSDK\improbable\c_trace.h">
      <Filter>WorkerSDK\improbable</Filter>
    </ClInclude>
    <ClInclude Include="WorkerSDK\improbable\c_worker.h">
      <Filter>WorkerSDK\improbable</Filter>
    </ClInclude>
    <ClInclude Include="WorkerSDK\improbable\pch.h">
      <Filter>WorkerSDK\improbable</Filter>
    </ClInclude>
  </ItemGroup>
  <ItemGroup>
    <ClCompile Include="..\dependencies\automaton\core\data\factory.cc">
      <Filter>dependencies\automaton\core\data</Filter>
    </ClCompile>
    <ClCompile Include="..\dependencies\automaton\core\data\msg.cc">
      <Filter>dependencies\automaton\core\data</Filter>
    </ClCompile>
    <ClCompile Include="..\dependencies\automaton\core\data\protobuf\protobuf_factory.cc">
      <Filter>dependencies\automaton\core\data\protobuf</Filter>
    </ClCompile>
    <ClCompile Include="..\dependencies\automaton\core\data\protobuf\protobuf_msg.cc">
      <Filter>dependencies\automaton\core\data\protobuf</Filter>
    </ClCompile>
    <ClCompile Include="..\dependencies\automaton\core\data\protobuf\protobuf_schema.cc">
      <Filter>dependencies\automaton\core\data\protobuf</Filter>
    </ClCompile>
    <ClCompile Include="..\dependencies\automaton\core\data\schema.cc">
      <Filter>dependencies\automaton\core\data</Filter>
    </ClCompile>
    <ClCompile Include="..\dependencies\automaton\core\io\blob.cc">
      <Filter>dependencies\automaton\core\io</Filter>
    </ClCompile>
    <ClCompile Include="..\dependencies\automaton\core\io\io.cc">
      <Filter>dependencies\automaton\core\io</Filter>
    </ClCompile>
    <ClCompile Include="WorkerSDK\improbable\c_io.cpp">
      <Filter>WorkerSDK\improbable</Filter>
    </ClCompile>
    <ClCompile Include="WorkerSDK\improbable\c_schema.cpp">
      <Filter>WorkerSDK\improbable</Filter>
    </ClCompile>
    <ClCompile Include="WorkerSDK\improbable\c_trace.cpp">
      <Filter>WorkerSDK\improbable</Filter>
    </ClCompile>
    <ClCompile Include="WorkerSDK\improbable\c_worker.cpp">
      <Filter>WorkerSDK\improbable</Filter>
    </ClCompile>
  </ItemGroup>
  <ItemGroup>
    <None Include="WorkerSDK\improbable\Source.def">
      <Filter>WorkerSDK\improbable</Filter>
    </None>
  </ItemGroup>
</Project>